
Microsoft Visual Studio Solution File, Format Version 12.00
# Visual Studio Version 17
VisualStudioVersion = 17.4.33205.214
MinimumVisualStudioVersion = 10.0.40219.1
Project("{FAE04EC0-301F-11D3-BF4B-00C04F79EFBC}") = "WebApi", "WebApi\WebApi.csproj", "{A220256B-E757-46A2-82F1-00BB4F629191}"
EndProject
Global
	GlobalSection(SolutionConfigurationPlatforms) = preSolution
		Debug|Any CPU = Debug|Any CPU
		Release|Any CPU = Release|Any CPU
	EndGlobalSection
	GlobalSection(ProjectConfigurationPlatforms) = postSolution
		{A220256B-E757-46A2-82F1-00BB4F629191}.Debug|Any CPU.ActiveCfg = Debug|Any CPU
		{A220256B-E757-46A2-82F1-00BB4F629191}.Debug|Any CPU.Build.0 = Debug|Any CPU
		{A220256B-E757-46A2-82F1-00BB4F629191}.Release|Any CPU.ActiveCfg = Release|Any CPU
		{A220256B-E757-46A2-82F1-00BB4F629191}.Release|Any CPU.Build.0 = Release|Any CPU
	EndGlobalSection
	GlobalSection(SolutionProperties) = preSolution
		HideSolutionNode = FALSE
	EndGlobalSection
	GlobalSection(ExtensibilityGlobals) = postSolution
		SolutionGuid = {8C94F272-D480-46EE-B89B-8686122BB43F}
	EndGlobalSection
EndGlobal
